{
  "version": 4,
  "terraform_version": "1.5.0",
  "serial": 1,
  "lineage": "873c1f0a-d1b9-fef4-4269-351c603ec680",
  "outputs": {},
  "resources": [
    {
      "mode": "managed",
      "type": "aws_lightsail_container_service",
      "name": "pinger-service",
      "provider": "provider[\"registry.terraform.io/hashicorp/aws\"]",
      "instances": [
        {
          "schema_version": 0,
          "attributes": {
            "arn": "arn:aws:lightsail:ap-southeast-1:721161530805:ContainerService/a111831b-0aaf-4657-a10e-178a04e875d0",
            "availability_zone": "all",
            "created_at": "2023-06-22T05:33:50Z",
            "id": "pinger-service",
            "is_disabled": false,
            "name": "pinger-service",
            "power": "micro",
            "power_id": "micro-1",
            "principal_arn": "arn:aws:iam::644295572281:role/amazon/lightsail/ap-southeast-1/containers/pinger-service/v4s3ikf55d2sq40k87ut3gad66csmueoi0s2u4mvj3crnu9hrf4g",
            "private_domain_name": "pinger-service.service.local",
            "private_registry_access": [
              {
                "ecr_image_puller_role": [
                  {
                    "is_active": false,
                    "principal_arn": ""
                  }
                ]
              }
            ],
            "public_domain_names": [],
            "resource_type": "ContainerService",
            "scale": 1,
            "state": "READY",
            "tags": null,
            "tags_all": {},
            "timeouts": null,
            "url": "https://pinger-service.0bos7nmp30jmo.ap-southeast-1.cs.amazonlightsail.com/"
          },
          "sensitive_attributes": [],
          "private": "eyJlMmJmYjczMC1lY2FhLTExZTYtOGY4OC0zNDM2M2JjN2M0YzAiOnsiY3JlYXRlIjoxODAwMDAwMDAwMDAwLCJkZWxldGUiOjE4MDAwMDAwMDAwMDAsInVwZGF0ZSI6MTgwMDAwMDAwMDAwMH19"
        }
      ]
    }
  ],
  "check_results": null
}
